
Microsoft Visual Studio Solution File, Format Version 12.00
# Visual Studio Version 17
VisualStudioVersion = 17.8.34330.188
MinimumVisualStudioVersion = 10.0.40219.1
Project("{9A19103F-16F7-4668-BE54-9A1E7A4F7556}") = "BankingAPI", "BankingAPI\BankingAPI.csproj", "{1810C199-1937-46F0-924F-BC45CAC208E2}"
EndProject
Project("{9A19103F-16F7-4668-BE54-9A1E7A4F7556}") = "BankingAPI.Domain", "BankingAPI.Domain\BankingAPI.Domain.csproj", "{4BDD3901-FA20-4D38-B5B3-1C1DD7FB1275}"
EndProject
Project("{9A19103F-16F7-4668-BE54-9A1E7A4F7556}") = "BankingAPI.Application", "BankingAPI.Application\BankingAPI.Application.csproj", "{0F986D5F-AF39-4969-9F69-3D20BDE60A78}"
EndProject
Project("{9A19103F-16F7-4668-BE54-9A1E7A4F7556}") = "BankingAPI.Infrastructure", "BankingAPI.Infrastructure\BankingAPI.Infrastructure.csproj", "{A5FEEE31-5A24-4AE5-A993-7111B292A7B1}"
EndProject
Project("{9A19103F-16F7-4668-BE54-9A1E7A4F7556}") = "BankingAPI.Tests", "BankingAPI.Tests\BankingAPI.Tests.csproj", "{7012B1D7-4068-4E13-AAE6-FE2BBC4B4440}"
EndProject
Project("{2150E333-8FDC-42A3-9474-1A3956D46DE8}") = "DesignDocuments", "DesignDocuments", "{882E8E7E-F9D4-48E9-815D-AC3CDC19F077}"
	ProjectSection(SolutionItems) = preProject
		C:\Users\DELL\Desktop\Deploy Arch.drawio = C:\Users\DELL\Desktop\Deploy Arch.drawio
	EndProjectSection
EndProject
Global
	GlobalSection(SolutionConfigurationPlatforms) = preSolution
		Debug|Any CPU = Debug|Any CPU
		Release|Any CPU = Release|Any CPU
	EndGlobalSection
	GlobalSection(ProjectConfigurationPlatforms) = postSolution
		{1810C199-1937-46F0-924F-BC45CAC208E2}.Debug|Any CPU.ActiveCfg = Debug|Any CPU
		{1810C199-1937-46F0-924F-BC45CAC208E2}.Debug|Any CPU.Build.0 = Debug|Any CPU
		{1810C199-1937-46F0-924F-BC45CAC208E2}.Release|Any CPU.ActiveCfg = Release|Any CPU
		{1810C199-1937-46F0-924F-BC45CAC208E2}.Release|Any CPU.Build.0 = Release|Any CPU
		{4BDD3901-FA20-4D38-B5B3-1C1DD7FB1275}.Debug|Any CPU.ActiveCfg = Debug|Any CPU
		{4BDD3901-FA20-4D38-B5B3-1C1DD7FB1275}.Debug|Any CPU.Build.0 = Debug|Any CPU
		{4BDD3901-FA20-4D38-B5B3-1C1DD7FB1275}.Release|Any CPU.ActiveCfg = Release|Any CPU
		{4BDD3901-FA20-4D38-B5B3-1C1DD7FB1275}.Release|Any CPU.Build.0 = Release|Any CPU
		{0F986D5F-AF39-4969-9F69-3D20BDE60A78}.Debug|Any CPU.ActiveCfg = Debug|Any CPU
		{0F986D5F-AF39-4969-9F69-3D20BDE60A78}.Debug|Any CPU.Build.0 = Debug|Any CPU
		{0F986D5F-AF39-4969-9F69-3D20BDE60A78}.Release|Any CPU.ActiveCfg = Release|Any CPU
		{0F986D5F-AF39-4969-9F69-3D20BDE60A78}.Release|Any CPU.Build.0 = Release|Any CPU
		{A5FEEE31-5A24-4AE5-A993-7111B292A7B1}.Debug|Any CPU.ActiveCfg = Debug|Any CPU
		{A5FEEE31-5A24-4AE5-A993-7111B292A7B1}.Debug|Any CPU.Build.0 = Debug|Any CPU
		{A5FEEE31-5A24-4AE5-A993-7111B292A7B1}.Release|Any CPU.ActiveCfg = Release|Any CPU
		{A5FEEE31-5A24-4AE5-A993-7111B292A7B1}.Release|Any CPU.Build.0 = Release|Any CPU
		{7012B1D7-4068-4E13-AAE6-FE2BBC4B4440}.Debug|Any CPU.ActiveCfg = Debug|Any CPU
		{7012B1D7-4068-4E13-AAE6-FE2BBC4B4440}.Debug|Any CPU.Build.0 = Debug|Any CPU
		{7012B1D7-4068-4E13-AAE6-FE2BBC4B4440}.Release|Any CPU.ActiveCfg = Release|Any CPU
		{7012B1D7-4068-4E13-AAE6-FE2BBC4B4440}.Release|Any CPU.Build.0 = Release|Any CPU
	EndGlobalSection
	GlobalSection(SolutionProperties) = preSolution
		HideSolutionNode = FALSE
	EndGlobalSection
	GlobalSection(ExtensibilityGlobals) = postSolution
		SolutionGuid = {3845BF70-3F41-4B16-A380-7FA869363569}
	EndGlobalSection
EndGlobal
